// !$*UTF8*$!
{
	archiveVersion = 1;
	classes = {
	};
	objectVersion = 56;
	objects = {

/* Begin PBXBuildFile section */
		67D913402944A1A00079A5EE /* AppDelegate.swift in Sources */ = {isa = PBXBuildFile; fileRef = 67D9133F2944A1A00079A5EE /* AppDelegate.swift */; };
		67D913422944A1A00079A5EE /* SceneDelegate.swift in Sources */ = {isa = PBXBuildFile; fileRef = 67D913412944A1A00079A5EE /* SceneDelegate.swift */; };
		67D913442944A1A00079A5EE /* ViewController.swift in Sources */ = {isa = PBXBuildFile; fileRef = 67D913432944A1A00079A5EE /* ViewController.swift */; };
		67D913472944A1A00079A5EE /* Main.storyboard in Resources */ = {isa = PBXBuildFile; fileRef = 67D913452944A1A00079A5EE /* Main.storyboard */; };
		67D913492944A1A20079A5EE /* Assets.xcassets in Resources */ = {isa = PBXBuildFile; fileRef = 67D913482944A1A20079A5EE /* Assets.xcassets */; };
		67D9134C2944A1A20079A5EE /* LaunchScreen.storyboard in Resources */ = {isa = PBXBuildFile; fileRef = 67D9134A2944A1A20079A5EE /* LaunchScreen.storyboard */; };
		67D913572944A1A20079A5EE /* OneChatTests.swift in Sources */ = {isa = PBXBuildFile; fileRef = 67D913562944A1A20079A5EE /* OneChatTests.swift */; };
		67D913612944A1A20079A5EE /* OneChatUITests.swift in Sources */ = {isa = PBXBuildFile; fileRef = 67D913602944A1A20079A5EE /* OneChatUITests.swift */; };
		67D913632944A1A20079A5EE /* OneChatUITestsLaunchTests.swift in Sources */ = {isa = PBXBuildFile; fileRef = 67D913622944A1A20079A5EE /* OneChatUITestsLaunchTests.swift */; };
/* End PBXBuildFile section */

/* Begin PBXContainerItemProxy section */
		67D913532944A1A20079A5EE /* PBXContainerItemProxy */ = {
			isa = PBXContainerItemProxy;
			containerPortal = 67D913342944A1A00079A5EE /* Project object */;
			proxyType = 1;
			remoteGlobalIDString = 67D9133B2944A1A00079A5EE;
			remoteInfo = OneChat;
		};
		67D9135D2944A1A20079A5EE /* PBXContainerItemProxy */ = {
			isa = PBXContainerItemProxy;
			containerPortal = 67D913342944A1A00079A5EE /* Project object */;
			proxyType = 1;
			remoteGlobalIDString = 67D9133B2944A1A00079A5EE;
			remoteInfo = OneChat;
		};
/* End PBXContainerItemProxy section */

/* Begin PBXFileReference section */
		67D9133C2944A1A00079A5EE /* OneChat.app */ = {isa = PBXFileReference; explicitFileType = wrapper.application; includeInIndex = 0; path = OneChat.app; sourceTree = BUILT_PRODUCTS_DIR; };
		67D9133F2944A1A00079A5EE /* AppDelegate.swift */ = {isa = PBXFileReference; lastKnownFileType = sourcecode.swift; path = AppDelegate.swift; sourceTree = "<group>"; };
		67D913412944A1A00079A5EE /* SceneDelegate.swift */ = {isa = PBXFileReference; lastKnownFileType = sourcecode.swift; path = SceneDelegate.swift; sourceTree = "<group>"; };
		67D913432944A1A00079A5EE /* ViewController.swift */ = {isa = PBXFileReference; lastKnownFileType = sourcecode.swift; path = ViewController.swift; sourceTree = "<group>"; };
		67D913462944A1A00079A5EE /* Base */ = {isa = PBXFileReference; lastKnownFileType = file.storyboard; name = Base; path = Base.lproj/Main.storyboard; sourceTree = "<group>"; };
		67D913482944A1A20079A5EE /* Assets.xcassets */ = {isa = PBXFileReference; lastKnownFileType = folder.assetcatalog; path = Assets.xcassets; sourceTree = "<group>"; };
		67D9134B2944A1A20079A5EE /* Base */ = {isa = PBXFileReference; lastKnownFileType = file.storyboard; name = Base; path = Base.lproj/LaunchScreen.storyboard; sourceTree = "<group>"; };
		67D9134D2944A1A20079A5EE /* Info.plist */ = {isa = PBXFileReference; lastKnownFileType = text.plist.xml; path = Info.plist; sourceTree = "<group>"; };
		67D913522944A1A20079A5EE /* OneChatTests.xctest */ = {isa = PBXFileReference; explicitFileType = wrapper.cfbundle; includeInIndex = 0; path = OneChatTests.xctest; sourceTree = BUILT_PRODUCTS_DIR; };
		67D913562944A1A20079A5EE /* OneChatTests.swift */ = {isa = PBXFileReference; lastKnownFileType = sourcecode.swift; path = OneChatTests.swift; sourceTree = "<group>"; };
		67D9135C2944A1A20079A5EE /* OneChatUITests.xctest */ = {isa = PBXFileReference; explicitFileType = wrapper.cfbundle; includeInIndex = 0; path = OneChatUITests.xctest; sourceTree = BUILT_PRODUCTS_DIR; };
		67D913602944A1A20079A5EE /* OneChatUITests.swift */ = {isa = PBXFileReference; lastKnownFileType = sourcecode.swift; path = OneChatUITests.swift; sourceTree = "<group>"; };
		67D913622944A1A20079A5EE /* OneChatUITestsLaunchTests.swift */ = {isa = PBXFileReference; lastKnownFileType = sourcecode.swift; path = OneChatUITestsLaunchTests.swift; sourceTree = "<group>"; };
/* End PBXFileReference section */

/* Begin PBXFrameworksBuildPhase section */
		67D913392944A1A00079A5EE /* Frameworks */ = {
			isa = PBXFrameworksBuildPhase;
			buildActionMask = 2147483647;
			files = (
			);
			runOnlyForDeploymentPostprocessing = 0;
		};
		67D9134F2944A1A20079A5EE /* Frameworks */ = {
			isa = PBXFrameworksBuildPhase;
			buildActionMask = 2147483647;
			files = (
			);
			runOnlyForDeploymentPostprocessing = 0;
		};
		67D913592944A1A20079A5EE /* Frameworks */ = {
			isa = PBXFrameworksBuildPhase;
			buildActionMask = 2147483647;
			files = (
			);
			runOnlyForDeploymentPostprocessing = 0;
		};
/* End PBXFrameworksBuildPhase section */

/* Begin PBXGroup section */
		67D913332944A1A00079A5EE = {
			isa = PBXGroup;
			children = (
				67D9133E2944A1A00079A5EE /* OneChat */,
				67D913552944A1A20079A5EE /* OneChatTests */,
				67D9135F2944A1A20079A5EE /* OneChatUITests */,
				67D9133D2944A1A00079A5EE /* Products */,
			);
			sourceTree = "<group>";
		};
		67D9133D2944A1A00079A5EE /* Products */ = {
			isa = PBXGroup;
			children = (
				67D9133C2944A1A00079A5EE /* OneChat.app */,
				67D913522944A1A20079A5EE /* OneChatTests.xctest */,
				67D9135C2944A1A20079A5EE /* OneChatUITests.xctest */,
			);
			name = Products;
			sourceTree = "<group>";
		};
		67D9133E2944A1A00079A5EE /* OneChat */ = {
			isa = PBXGroup;
			children = (
				67D9133F2944A1A00079A5EE /* AppDelegate.swift */,
				67D913412944A1A00079A5EE /* SceneDelegate.swift */,
				67D913432944A1A00079A5EE /* ViewController.swift */,
				67D913452944A1A00079A5EE /* Main.storyboard */,
				67D913482944A1A20079A5EE /* Assets.xcassets */,
				67D9134A2944A1A20079A5EE /* LaunchScreen.storyboard */,
				67D9134D2944A1A20079A5EE /* Info.plist */,
			);
			path = OneChat;
			sourceTree = "<group>";
		};
		67D913552944A1A20079A5EE /* OneChatTests */ = {
			isa = PBXGroup;
			children = (
				67D913562944A1A20079A5EE /* OneChatTests.swift */,
			);
			path = OneChatTests;
			sourceTree = "<group>";
		};
		67D9135F2944A1A20079A5EE /* OneChatUITests */ = {
			isa = PBXGroup;
			children = (
				67D913602944A1A20079A5EE /* OneChatUITests.swift */,
				67D913622944A1A20079A5EE /* OneChatUITestsLaunchTests.swift */,
			);
			path = OneChatUITests;
			sourceTree = "<group>";
		};
/* End PBXGroup section */

/* Begin PBXNativeTarget section */
		67D9133B2944A1A00079A5EE /* OneChat */ = {
			isa = PBXNativeTarget;
			buildConfigurationList = 67D913662944A1A20079A5EE /* Build configuration list for PBXNativeTarget "OneChat" */;
			buildPhases = (
				67D913382944A1A00079A5EE /* Sources */,
				67D913392944A1A00079A5EE /* Frameworks */,
				67D9133A2944A1A00079A5EE /* Resources */,
			);
			buildRules = (
			);
			dependencies = (
			);
			name = OneChat;
			productName = OneChat;
			productReference = 67D9133C2944A1A00079A5EE /* OneChat.app */;
			productType = "com.apple.product-type.application";
		};
		67D913512944A1A20079A5EE /* OneChatTests */ = {
			isa = PBXNativeTarget;
			buildConfigurationList = 67D913692944A1A20079A5EE /* Build configuration list for PBXNativeTarget "OneChatTests" */;
			buildPhases = (
				67D9134E2944A1A20079A5EE /* Sources */,
				67D9134F2944A1A20079A5EE /* Frameworks */,
				67D913502944A1A20079A5EE /* Resources */,
			);
			buildRules = (
			);
			dependencies = (
				67D913542944A1A20079A5EE /* PBXTargetDependency */,
			);
			name = OneChatTests;
			productName = OneChatTests;
			productReference = 67D913522944A1A20079A5EE /* OneChatTests.xctest */;
			productType = "com.apple.product-type.bundle.unit-test";
		};
		67D9135B2944A1A20079A5EE /* OneChatUITests */ = {
			isa = PBXNativeTarget;
			buildConfigurationList = 67D9136C2944A1A20079A5EE /* Build configuration list for PBXNativeTarget "OneChatUITests" */;
			buildPhases = (
				67D913582944A1A20079A5EE /* Sources */,
				67D913592944A1A20079A5EE /* Frameworks */,
				67D9135A2944A1A20079A5EE /* Resources */,
			);
			buildRules = (
			);
			dependencies = (
				67D9135E2944A1A20079A5EE /* PBXTargetDependency */,
			);
			name = OneChatUITests;
			productName = OneChatUITests;
			productReference = 67D9135C2944A1A20079A5EE /* OneChatUITests.xctest */;
			productType = "com.apple.product-type.bundle.ui-testing";
		};
/* End PBXNativeTarget section */

/* Begin PBXProject section */
		67D913342944A1A00079A5EE /* Project object */ = {
			isa = PBXProject;
			attributes = {
				BuildIndependentTargetsInParallel = 1;
				LastSwiftUpdateCheck = 1410;
				LastUpgradeCheck = 1410;
				TargetAttributes = {
					67D9133B2944A1A00079A5EE = {
						CreatedOnToolsVersion = 14.1;
					};
					67D913512944A1A20079A5EE = {
						CreatedOnToolsVersion = 14.1;
						TestTargetID = 67D9133B2944A1A00079A5EE;
					};
					67D9135B2944A1A20079A5EE = {
						CreatedOnToolsVersion = 14.1;
						TestTargetID = 67D9133B2944A1A00079A5EE;
					};
				};
			};
			buildConfigurationList = 67D913372944A1A00079A5EE /* Build configuration list for PBXProject "OneChat" */;
			compatibilityVersion = "Xcode 14.0";
			developmentRegion = en;
			hasScannedForEncodings = 0;
			knownRegions = (
				en,
				Base,
			);
			mainGroup = 67D913332944A1A00079A5EE;
			productRefGroup = 67D9133D2944A1A00079A5EE /* Products */;
			projectDirPath = "";
			projectRoot = "";
			targets = (
				67D9133B2944A1A00079A5EE /* OneChat */,
				67D913512944A1A20079A5EE /* OneChatTests */,
				67D9135B2944A1A20079A5EE /* OneChatUITests */,
			);
		};
/* End PBXProject section */

/* Begin PBXResourcesBuildPhase section */
		67D9133A2944A1A00079A5EE /* Resources */ = {
			isa = PBXResourcesBuildPhase;
			buildActionMask = 2147483647;
			files = (
				67D9134C2944A1A20079A5EE /* LaunchScreen.storyboard in Resources */,
				67D913492944A1A20079A5EE /* Assets.xcassets in Resources */,
				67D913472944A1A00079A5EE /* Main.storyboard in Resources */,
			);
			runOnlyForDeploymentPostprocessing = 0;
		};
		67D913502944A1A20079A5EE /* Resources */ = {
			isa = PBXResourcesBuildPhase;
			buildActionMask = 2147483647;
			files = (
			);
			runOnlyForDeploymentPostprocessing = 0;
		};
		67D9135A2944A1A20079A5EE /* Resources */ = {
			isa = PBXResourcesBuildPhase;
			buildActionMask = 2147483647;
			files = (
			);
			runOnlyForDeploymentPostprocessing = 0;
		};
/* End PBXResourcesBuildPhase section */

/* Begin PBXSourcesBuildPhase section */
		67D913382944A1A00079A5EE /* Sources */ = {
			isa = PBXSourcesBuildPhase;
			buildActionMask = 2147483647;
			files = (
				67D913442944A1A00079A5EE /* ViewController.swift in Sources */,
				67D913402944A1A00079A5EE /* AppDelegate.swift in Sources */,
				67D913422944A1A00079A5EE /* SceneDelegate.swift in Sources */,
			);
			runOnlyForDeploymentPostprocessing = 0;
		};
		67D9134E2944A1A20079A5EE /* Sources */ = {
			isa = PBXSourcesBuildPhase;
			buildActionMask = 2147483647;
			files = (
				67D913572944A1A20079A5EE /* OneChatTests.swift in Sources */,
			);
			runOnlyForDeploymentPostprocessing = 0;
		};
		67D913582944A1A20079A5EE /* Sources */ = {
			isa = PBXSourcesBuildPhase;
			buildActionMask = 2147483647;
			files = (
				67D913612944A1A20079A5EE /* OneChatUITests.swift in Sources */,
				67D913632944A1A20079A5EE /* OneChatUITestsLaunchTests.swift in Sources */,
			);
			runOnlyForDeploymentPostprocessing = 0;
		};
/* End PBXSourcesBuildPhase section */

/* Begin PBXTargetDependency section */
		67D913542944A1A20079A5EE /* PBXTargetDependency */ = {
			isa = PBXTargetDependency;
			target = 67D9133B2944A1A00079A5EE /* OneChat */;
			targetProxy = 67D913532944A1A20079A5EE /* PBXContainerItemProxy */;
		};
		67D9135E2944A1A20079A5EE /* PBXTargetDependency */ = {
			isa = PBXTargetDependency;
			target = 67D9133B2944A1A00079A5EE /* OneChat */;
			targetProxy = 67D9135D2944A1A20079A5EE /* PBXContainerItemProxy */;
		};
/* End PBXTargetDependency section */

/* Begin PBXVariantGroup section */
		67D913452944A1A00079A5EE /* Main.storyboard */ = {
			isa = PBXVariantGroup;
			children = (
				67D913462944A1A00079A5EE /* Base */,
			);
			name = Main.storyboard;
			sourceTree = "<group>";
		};
		67D9134A2944A1A20079A5EE /* LaunchScreen.storyboard */ = {
			isa = PBXVariantGroup;
			children = (
				67D9134B2944A1A20079A5EE /* Base */,
			);
			name = LaunchScreen.storyboard;
			sourceTree = "<group>";
		};
/* End PBXVariantGroup section */

/* Begin XCBuildConfiguration section */
		67D913642944A1A20079A5EE /* Debug */ = {
			isa = XCBuildConfiguration;
			buildSettings = {
				ALWAYS_SEARCH_USER_PATHS = NO;
				CLANG_ANALYZER_NONNULL = YES;
				CLANG_ANALYZER_NUMBER_OBJECT_CONVERSION = YES_AGGRESSIVE;
				CLANG_CXX_LANGUAGE_STANDARD = "gnu++20";
				CLANG_ENABLE_MODULES = YES;
				CLANG_ENABLE_OBJC_ARC = YES;
				CLANG_ENABLE_OBJC_WEAK = YES;
				CLANG_WARN_BLOCK_CAPTURE_AUTORELEASING = YES;
				CLANG_WARN_BOOL_CONVERSION = YES;
				CLANG_WARN_COMMA = YES;
				CLANG_WARN_CONSTANT_CONVERSION = YES;
				CLANG_WARN_DEPRECATED_OBJC_IMPLEMENTATIONS = YES;
				CLANG_WARN_DIRECT_OBJC_ISA_USAGE = YES_ERROR;
				CLANG_WARN_DOCUMENTATION_COMMENTS = YES;
				CLANG_WARN_EMPTY_BODY = YES;
				CLANG_WARN_ENUM_CONVERSION = YES;
				CLANG_WARN_INFINITE_RECURSION = YES;
				CLANG_WARN_INT_CONVERSION = YES;
				CLANG_WARN_NON_LITERAL_NULL_CONVERSION = YES;
				CLANG_WARN_OBJC_IMPLICIT_RETAIN_SELF = YES;
				CLANG_WARN_OBJC_LITERAL_CONVERSION = YES;
				CLANG_WARN_OBJC_ROOT_CLASS = YES_ERROR;
				CLANG_WARN_QUOTED_INCLUDE_IN_FRAMEWORK_HEADER = YES;
				CLANG_WARN_RANGE_LOOP_ANALYSIS = YES;
				CLANG_WARN_STRICT_PROTOTYPES = YES;
				CLANG_WARN_SUSPICIOUS_MOVE = YES;
				CLANG_WARN_UNGUARDED_AVAILABILITY = YES_AGGRESSIVE;
				CLANG_WARN_UNREACHABLE_CODE = YES;
				CLANG_WARN__DUPLICATE_METHOD_MATCH = YES;
				COPY_PHASE_STRIP = NO;
				DEBUG_INFORMATION_FORMAT = dwarf;
				ENABLE_STRICT_OBJC_MSGSEND = YES;
				ENABLE_TESTABILITY = YES;
				GCC_C_LANGUAGE_STANDARD = gnu11;
				GCC_DYNAMIC_NO_PIC = NO;
				GCC_NO_COMMON_BLOCKS = YES;
				GCC_OPTIMIZATION_LEVEL = 0;
				GCC_PREPROCESSOR_DEFINITIONS = (
					"DEBUG=1",
					"$(inherited)",
				);
				GCC_WARN_64_TO_32_BIT_CONVERSION = YES;
				GCC_WARN_ABOUT_RETURN_TYPE = YES_ERROR;
				GCC_WARN_UNDECLARED_SELECTOR = YES;
				GCC_WARN_UNINITIALIZED_AUTOS = YES_AGGRESSIVE;
				GCC_WARN_UNUSED_FUNCTION = YES;
				GCC_WARN_UNUSED_VARIABLE = YES;
				IPHONEOS_DEPLOYMENT_TARGET = 16.1;
				MTL_ENABLE_DEBUG_INFO = INCLUDE_SOURCE;
				MTL_FAST_MATH = YES;
				ONLY_ACTIVE_ARCH = YES;
				SDKROOT = iphoneos;
				SWIFT_ACTIVE_COMPILATION_CONDITIONS = DEBUG;
				SWIFT_OPTIMIZATION_LEVEL = "-Onone";
			};
			name = Debug;
		};
		67D913652944A1A20079A5EE /* Release */ = {
			isa = XCBuildConfiguration;
			buildSettings = {
				ALWAYS_SEARCH_USER_PATHS = NO;
				CLANG_ANALYZER_NONNULL = YES;
				CLANG_ANALYZER_NUMBER_OBJECT_CONVERSION = YES_AGGRESSIVE;
				CLANG_CXX_LANGUAGE_STANDARD = "gnu++20";
				CLANG_ENABLE_MODULES = YES;
				CLANG_ENABLE_OBJC_ARC = YES;
				CLANG_ENABLE_OBJC_WEAK = YES;
				CLANG_WARN_BLOCK_CAPTURE_AUTORELEASING = YES;
				CLANG_WARN_BOOL_CONVERSION = YES;
				CLANG_WARN_COMMA = YES;
				CLANG_WARN_CONSTANT_CONVERSION = YES;
				CLANG_WARN_DEPRECATED_OBJC_IMPLEMENTATIONS = YES;
				CLANG_WARN_DIRECT_OBJC_ISA_USAGE = YES_ERROR;
				CLANG_WARN_DOCUMENTATION_COMMENTS = YES;
				CLANG_WARN_EMPTY_BODY = YES;
				CLANG_WARN_ENUM_CONVERSION = YES;
				CLANG_WARN_INFINITE_RECURSION = YES;
				CLANG_WARN_INT_CONVERSION = YES;
				CLANG_WARN_NON_LITERAL_NULL_CONVERSION = YES;
				CLANG_WARN_OBJC_IMPLICIT_RETAIN_SELF = YES;
				CLANG_WARN_OBJC_LITERAL_CONVERSION = YES;
				CLANG_WARN_OBJC_ROOT_CLASS = YES_ERROR;
				CLANG_WARN_QUOTED_INCLUDE_IN_FRAMEWORK_HEADER = YES;
				CLANG_WARN_RANGE_LOOP_ANALYSIS = YES;
				CLANG_WARN_STRICT_PROTOTYPES = YES;
				CLANG_WARN_SUSPICIOUS_MOVE = YES;
				CLANG_WARN_UNGUARDED_AVAILABILITY = YES_AGGRESSIVE;
				CLANG_WARN_UNREACHABLE_CODE = YES;
				CLANG_WARN__DUPLICATE_METHOD_MATCH = YES;
				COPY_PHASE_STRIP = NO;
				DEBUG_INFORMATION_FORMAT = "dwarf-with-dsym";
				ENABLE_NS_ASSERTIONS = NO;
				ENABLE_STRICT_OBJC_MSGSEND = YES;
				GCC_C_LANGUAGE_STANDARD = gnu11;
				GCC_NO_COMMON_BLOCKS = YES;
				GCC_WARN_64_TO_32_BIT_CONVERSION = YES;
				GCC_WARN_ABOUT_RETURN_TYPE = YES_ERROR;
				GCC_WARN_UNDECLARED_SELECTOR = YES;
				GCC_WARN_UNINITIALIZED_AUTOS = YES_AGGRESSIVE;
				GCC_WARN_UNUSED_FUNCTION = YES;
				GCC_WARN_UNUSED_VARIABLE = YES;
				IPHONEOS_DEPLOYMENT_TARGET = 16.1;
				MTL_ENABLE_DEBUG_INFO = NO;
				MTL_FAST_MATH = YES;
				SDKROOT = iphoneos;
				SWIFT_COMPILATION_MODE = wholemodule;
				SWIFT_OPTIMIZATION_LEVEL = "-O";
				VALIDATE_PRODUCT = YES;
			};
			name = Release;
		};
		67D913672944A1A20079A5EE /* Debug */ = {
			isa = XCBuildConfiguration;
			buildSettings = {
				ASSETCATALOG_COMPILER_APPICON_NAME = AppIcon;
				ASSETCATALOG_COMPILER_GLOBAL_ACCENT_COLOR_NAME = AccentColor;
				CODE_SIGN_STYLE = Automatic;
				CURRENT_PROJECT_VERSION = 1;
				DEVELOPMENT_TEAM = KC5533U8L3;
				GENERATE_INFOPLIST_FILE = YES;
				INFOPLIST_FILE = OneChat/Info.plist;
				INFOPLIST_KEY_UIApplicationSupportsIndirectInputEvents = YES;
				INFOPLIST_KEY_UILaunchStoryboardName = LaunchScreen;
				INFOPLIST_KEY_UIMainStoryboardFile = Main;
				INFOPLIST_KEY_UISupportedInterfaceOrientations_iPad = "UIInterfaceOrientationPortrait UIInterfaceOrientationPortraitUpsideDown UIInterfaceOrientationLandscapeLeft UIInterfaceOrientationLandscapeRight";
				INFOPLIST_KEY_UISupportedInterfaceOrientations_iPhone = "UIInterfaceOrientationPortrait UIInterfaceOrientationLandscapeLeft UIInterfaceOrientationLandscapeRight";
				LD_RUNPATH_SEARCH_PATHS = (
					"$(inherited)",
					"@executable_path/Frameworks",
				);
				MARKETING_VERSION = 1.0;
				PRODUCT_BUNDLE_IDENTIFIER = nosadvova.OneChat;
				PRODUCT_NAME = "$(TARGET_NAME)";
				SWIFT_EMIT_LOC_STRINGS = YES;
				SWIFT_VERSION = 5.0;
				TARGETED_DEVICE_FAMILY = "1,2";
			};
			name = Debug;
		};
		67D913682944A1A20079A5EE /* Release */ = {
			isa = XCBuildConfiguration;
			buildSettings = {
				ASSETCATALOG_COMPILER_APPICON_NAME = AppIcon;
				ASSETCATALOG_COMPILER_GLOBAL_ACCENT_COLOR_NAME = AccentColor;
				CODE_SIGN_STYLE = Automatic;
				CURRENT_PROJECT_VERSION = 1;
				DEVELOPMENT_TEAM = KC5533U8L3;
				GENERATE_INFOPLIST_FILE = YES;
				INFOPLIST_FILE = OneChat/Info.plist;
				INFOPLIST_KEY_UIApplicationSupportsIndirectInputEvents = YES;
				INFOPLIST_KEY_UILaunchStoryboardName = LaunchScreen;
				INFOPLIST_KEY_UIMainStoryboardFile = Main;
				INFOPLIST_KEY_UISupportedInterfaceOrientations_iPad = "UIInterfaceOrientationPortrait UIInterfaceOrientationPortraitUpsideDown UIInterfaceOrientationLandscapeLeft UIInterfaceOrientationLandscapeRight";
				INFOPLIST_KEY_UISupportedInterfaceOrientations_iPhone = "UIInterfaceOrientationPortrait UIInterfaceOrientationLandscapeLeft UIInterfaceOrientationLandscapeRight";
				LD_RUNPATH_SEARCH_PATHS = (
					"$(inherited)",
					"@executable_path/Frameworks",
				);
				MARKETING_VERSION = 1.0;
				PRODUCT_BUNDLE_IDENTIFIER = nosadvova.OneChat;
				PRODUCT_NAME = "$(TARGET_NAME)";
				SWIFT_EMIT_LOC_STRINGS = YES;
				SWIFT_VERSION = 5.0;
				TARGETED_DEVICE_FAMILY = "1,2";
			};
			name = Release;
		};
		67D9136A2944A1A20079A5EE /* Debug */ = {
			isa = XCBuildConfiguration;
			buildSettings = {
				ALWAYS_EMBED_SWIFT_STANDARD_LIBRARIES = YES;
				BUNDLE_LOADER = "$(TEST_HOST)";
				CODE_SIGN_STYLE = Automatic;
				CURRENT_PROJECT_VERSION = 1;
				DEVELOPMENT_TEAM = KC5533U8L3;
				GENERATE_INFOPLIST_FILE = YES;
				IPHONEOS_DEPLOYMENT_TARGET = 16.1;
				MARKETING_VERSION = 1.0;
				PRODUCT_BUNDLE_IDENTIFIER = nosadvova.OneChatTests;
				PRODUCT_NAME = "$(TARGET_NAME)";
				SWIFT_EMIT_LOC_STRINGS = NO;
				SWIFT_VERSION = 5.0;
				TARGETED_DEVICE_FAMILY = "1,2";
				TEST_HOST = "$(BUILT_PRODUCTS_DIR)/OneChat.app/$(BUNDLE_EXECUTABLE_FOLDER_PATH)/OneChat";
			};
			name = Debug;
		};
		67D9136B2944A1A20079A5EE /* Release */ = {
			isa = XCBuildConfiguration;
			buildSettings = {
				ALWAYS_EMBED_SWIFT_STANDARD_LIBRARIES = YES;
				BUNDLE_LOADER = "$(TEST_HOST)";
				CODE_SIGN_STYLE = Automatic;
				CURRENT_PROJECT_VERSION = 1;
				DEVELOPMENT_TEAM = KC5533U8L3;
				GENERATE_INFOPLIST_FILE = YES;
				IPHONEOS_DEPLOYMENT_TARGET = 16.1;
				MARKETING_VERSION = 1.0;
				PRODUCT_BUNDLE_IDENTIFIER = nosadvova.OneChatTests;
				PRODUCT_NAME = "$(TARGET_NAME)";
				SWIFT_EMIT_LOC_STRINGS = NO;
				SWIFT_VERSION = 5.0;
				TARGETED_DEVICE_FAMILY = "1,2";
				TEST_HOST = "$(BUILT_PRODUCTS_DIR)/OneChat.app/$(BUNDLE_EXECUTABLE_FOLDER_PATH)/OneChat";
			};
			name = Release;
		};
		67D9136D2944A1A20079A5EE /* Debug */ = {
			isa = XCBuildConfiguration;
			buildSettings = {
				ALWAYS_EMBED_SWIFT_STANDARD_LIBRARIES = YES;
				CODE_SIGN_STYLE = Automatic;
				CURRENT_PROJECT_VERSION = 1;
				DEVELOPMENT_TEAM = KC5533U8L3;
				GENERATE_INFOPLIST_FILE = YES;
				MARKETING_VERSION = 1.0;
				PRODUCT_BUNDLE_IDENTIFIER = nosadvova.OneChatUITests;
				PRODUCT_NAME = "$(TARGET_NAME)";
				SWIFT_EMIT_LOC_STRINGS = NO;
				SWIFT_VERSION = 5.0;
				TARGETED_DEVICE_FAMILY = "1,2";
				TEST_TARGET_NAME = OneChat;
			};
			name = Debug;
		};
		67D9136E2944A1A20079A5EE /* Release */ = {
			isa = XCBuildConfiguration;
			buildSettings = {
				ALWAYS_EMBED_SWIFT_STANDARD_LIBRARIES = YES;
				CODE_SIGN_STYLE = Automatic;
				CURRENT_PROJECT_VERSION = 1;
				DEVELOPMENT_TEAM = KC5533U8L3;
				GENERATE_INFOPLIST_FILE = YES;
				MARKETING_VERSION = 1.0;
				PRODUCT_BUNDLE_IDENTIFIER = nosadvova.OneChatUITests;
				PRODUCT_NAME = "$(TARGET_NAME)";
				SWIFT_EMIT_LOC_STRINGS = NO;
				SWIFT_VERSION = 5.0;
				TARGETED_DEVICE_FAMILY = "1,2";
				TEST_TARGET_NAME = OneChat;
			};
			name = Release;
		};
/* End XCBuildConfiguration section */

/* Begin XCConfigurationList section */
		67D913372944A1A00079A5EE /* Build configuration list for PBXProject "OneChat" */ = {
			isa = XCConfigurationList;
			buildConfigurations = (
				67D913642944A1A20079A5EE /* Debug */,
				67D913652944A1A20079A5EE /* Release */,
			);
			defaultConfigurationIsVisible = 0;
			defaultConfigurationName = Release;
		};
		67D913662944A1A20079A5EE /* Build configuration list for PBXNativeTarget "OneChat" */ = {
			isa = XCConfigurationList;
			buildConfigurations = (
				67D913672944A1A20079A5EE /* Debug */,
				67D913682944A1A20079A5EE /* Release */,
			);
			defaultConfigurationIsVisible = 0;
			defaultConfigurationName = Release;
		};
		67D913692944A1A20079A5EE /* Build configuration list for PBXNativeTarget "OneChatTests" */ = {
			isa = XCConfigurationList;
			buildConfigurations = (
				67D9136A2944A1A20079A5EE /* Debug */,
				67D9136B2944A1A20079A5EE /* Release */,
			);
			defaultConfigurationIsVisible = 0;
			defaultConfigurationName = Release;
		};
		67D9136C2944A1A20079A5EE /* Build configuration list for PBXNativeTarget "OneChatUITests" */ = {
			isa = XCConfigurationList;
			buildConfigurations = (
				67D9136D2944A1A20079A5EE /* Debug */,
				67D9136E2944A1A20079A5EE /* Release */,
			);
			defaultConfigurationIsVisible = 0;
			defaultConfigurationName = Release;
		};
/* End XCConfigurationList section */
	};
	rootObject = 67D913342944A1A00079A5EE /* Project object */;
}
